// !$*UTF8*$!
{
	archiveVersion = 1;
	classes = {
	};
	objectVersion = 46;
	objects = {

/* Begin PBXBuildFile section */
		373D6F33199C48910063E418 /* Footbook.xcdatamodeld in Sources */ = {isa = PBXBuildFile; fileRef = 373D6F31199C48910063E418 /* Footbook.xcdatamodeld */; };
		373D6F39199C5C150063E418 /* Feet.m in Sources */ = {isa = PBXBuildFile; fileRef = 373D6F38199C5C150063E418 /* Feet.m */; };
		374DE1C5199BE59C002BA20C /* Foundation.framework in Frameworks */ = {isa = PBXBuildFile; fileRef = 374DE1C4199BE59C002BA20C /* Foundation.framework */; };
		374DE1C7199BE59C002BA20C /* CoreGraphics.framework in Frameworks */ = {isa = PBXBuildFile; fileRef = 374DE1C6199BE59C002BA20C /* CoreGraphics.framework */; };
		374DE1C9199BE59C002BA20C /* UIKit.framework in Frameworks */ = {isa = PBXBuildFile; fileRef = 374DE1C8199BE59C002BA20C /* UIKit.framework */; };
		374DE1CB199BE59C002BA20C /* CoreData.framework in Frameworks */ = {isa = PBXBuildFile; fileRef = 374DE1CA199BE59C002BA20C /* CoreData.framework */; };
		374DE1D1199BE59C002BA20C /* InfoPlist.strings in Resources */ = {isa = PBXBuildFile; fileRef = 374DE1CF199BE59C002BA20C /* InfoPlist.strings */; };
		374DE1D3199BE59C002BA20C /* main.m in Sources */ = {isa = PBXBuildFile; fileRef = 374DE1D2199BE59C002BA20C /* main.m */; };
		374DE1D7199BE59C002BA20C /* AppDelegate.m in Sources */ = {isa = PBXBuildFile; fileRef = 374DE1D6199BE59C002BA20C /* AppDelegate.m */; };
		374DE1DA199BE59C002BA20C /* Main.storyboard in Resources */ = {isa = PBXBuildFile; fileRef = 374DE1D8199BE59C002BA20C /* Main.storyboard */; };
		374DE1E0199BE59C002BA20C /* FavoritesViewController.m in Sources */ = {isa = PBXBuildFile; fileRef = 374DE1DF199BE59C002BA20C /* FavoritesViewController.m */; };
		374DE1E3199BE59C002BA20C /* AddNewFavoriteViewController.m in Sources */ = {isa = PBXBuildFile; fileRef = 374DE1E2199BE59C002BA20C /* AddNewFavoriteViewController.m */; };
		374DE1E5199BE59C002BA20C /* Images.xcassets in Resources */ = {isa = PBXBuildFile; fileRef = 374DE1E4199BE59C002BA20C /* Images.xcassets */; };
		374DE1EC199BE59C002BA20C /* XCTest.framework in Frameworks */ = {isa = PBXBuildFile; fileRef = 374DE1EB199BE59C002BA20C /* XCTest.framework */; };
		374DE1ED199BE59C002BA20C /* Foundation.framework in Frameworks */ = {isa = PBXBuildFile; fileRef = 374DE1C4199BE59C002BA20C /* Foundation.framework */; };
		374DE1EE199BE59C002BA20C /* UIKit.framework in Frameworks */ = {isa = PBXBuildFile; fileRef = 374DE1C8199BE59C002BA20C /* UIKit.framework */; };
		374DE1EF199BE59C002BA20C /* CoreData.framework in Frameworks */ = {isa = PBXBuildFile; fileRef = 374DE1CA199BE59C002BA20C /* CoreData.framework */; };
		374DE1F7199BE59C002BA20C /* InfoPlist.strings in Resources */ = {isa = PBXBuildFile; fileRef = 374DE1F5199BE59C002BA20C /* InfoPlist.strings */; };
		374DE1F9199BE59C002BA20C /* FootbookTests.m in Sources */ = {isa = PBXBuildFile; fileRef = 374DE1F8199BE59C002BA20C /* FootbookTests.m */; };
/* End PBXBuildFile section */

/* Begin PBXContainerItemProxy section */
		374DE1F0199BE59C002BA20C /* PBXContainerItemProxy */ = {
			isa = PBXContainerItemProxy;
			containerPortal = 374DE1B9199BE59C002BA20C /* Project object */;
			proxyType = 1;
			remoteGlobalIDString = 374DE1C0199BE59C002BA20C;
			remoteInfo = Footbook;
		};
/* End PBXContainerItemProxy section */

/* Begin PBXFileReference section */
		373D6F32199C48910063E418 /* Footbook.xcdatamodel */ = {isa = PBXFileReference; lastKnownFileType = wrapper.xcdatamodel; path = Footbook.xcdatamodel; sourceTree = "<group>"; };
		373D6F37199C5C150063E418 /* Feet.h */ = {isa = PBXFileReference; fileEncoding = 4; lastKnownFileType = sourcecode.c.h; path = Feet.h; sourceTree = "<group>"; };
		373D6F38199C5C150063E418 /* Feet.m */ = {isa = PBXFileReference; fileEncoding = 4; lastKnownFileType = sourcecode.c.objc; path = Feet.m; sourceTree = "<group>"; };
		374DE1C1199BE59C002BA20C /* Footbook.app */ = {isa = PBXFileReference; explicitFileType = wrapper.application; includeInIndex = 0; path = Footbook.app; sourceTree = BUILT_PRODUCTS_DIR; };
		374DE1C4199BE59C002BA20C /* Foundation.framework */ = {isa = PBXFileReference; lastKnownFileType = wrapper.framework; name = Foundation.framework; path = System/Library/Frameworks/Foundation.framework; sourceTree = SDKROOT; };
		374DE1C6199BE59C002BA20C /* CoreGraphics.framework */ = {isa = PBXFileReference; lastKnownFileType = wrapper.framework; name = CoreGraphics.framework; path = System/Library/Frameworks/CoreGraphics.framework; sourceTree = SDKROOT; };
		374DE1C8199BE59C002BA20C /* UIKit.framework */ = {isa = PBXFileReference; lastKnownFileType = wrapper.framework; name = UIKit.framework; path = System/Library/Frameworks/UIKit.framework; sourceTree = SDKROOT; };
		374DE1CA199BE59C002BA20C /* CoreData.framework */ = {isa = PBXFileReference; lastKnownFileType = wrapper.framework; name = CoreData.framework; path = System/Library/Frameworks/CoreData.framework; sourceTree = SDKROOT; };
		374DE1CE199BE59C002BA20C /* Footbook-Info.plist */ = {isa = PBXFileReference; lastKnownFileType = text.plist.xml; path = "Footbook-Info.plist"; sourceTree = "<group>"; };
		374DE1D0199BE59C002BA20C /* en */ = {isa = PBXFileReference; lastKnownFileType = text.plist.strings; name = en; path = en.lproj/InfoPlist.strings; sourceTree = "<group>"; };
		374DE1D2199BE59C002BA20C /* main.m */ = {isa = PBXFileReference; lastKnownFileType = sourcecode.c.objc; path = main.m; sourceTree = "<group>"; };
		374DE1D4199BE59C002BA20C /* Footbook-Prefix.pch */ = {isa = PBXFileReference; lastKnownFileType = sourcecode.c.h; path = "Footbook-Prefix.pch"; sourceTree = "<group>"; };
		374DE1D5199BE59C002BA20C /* AppDelegate.h */ = {isa = PBXFileReference; lastKnownFileType = sourcecode.c.h; path = AppDelegate.h; sourceTree = "<group>"; };
		374DE1D6199BE59C002BA20C /* AppDelegate.m */ = {isa = PBXFileReference; lastKnownFileType = sourcecode.c.objc; path = AppDelegate.m; sourceTree = "<group>"; };
		374DE1D9199BE59C002BA20C /* Base */ = {isa = PBXFileReference; lastKnownFileType = file.storyboard; name = Base; path = Base.lproj/Main.storyboard; sourceTree = "<group>"; };
		374DE1DE199BE59C002BA20C /* FavoritesViewController.h */ = {isa = PBXFileReference; lastKnownFileType = sourcecode.c.h; path = FavoritesViewController.h; sourceTree = "<group>"; };
		374DE1DF199BE59C002BA20C /* FavoritesViewController.m */ = {isa = PBXFileReference; lastKnownFileType = sourcecode.c.objc; path = FavoritesViewController.m; sourceTree = "<group>"; };
		374DE1E1199BE59C002BA20C /* AddNewFavoriteViewController.h */ = {isa = PBXFileReference; lastKnownFileType = sourcecode.c.h; path = AddNewFavoriteViewController.h; sourceTree = "<group>"; };
		374DE1E2199BE59C002BA20C /* AddNewFavoriteViewController.m */ = {isa = PBXFileReference; lastKnownFileType = sourcecode.c.objc; path = AddNewFavoriteViewController.m; sourceTree = "<group>"; };
		374DE1E4199BE59C002BA20C /* Images.xcassets */ = {isa = PBXFileReference; lastKnownFileType = folder.assetcatalog; path = Images.xcassets; sourceTree = "<group>"; };
		374DE1EA199BE59C002BA20C /* FootbookTests.xctest */ = {isa = PBXFileReference; explicitFileType = wrapper.cfbundle; includeInIndex = 0; path = FootbookTests.xctest; sourceTree = BUILT_PRODUCTS_DIR; };
		374DE1EB199BE59C002BA20C /* XCTest.framework */ = {isa = PBXFileReference; lastKnownFileType = wrapper.framework; name = XCTest.framework; path = Library/Frameworks/XCTest.framework; sourceTree = DEVELOPER_DIR; };
		374DE1F4199BE59C002BA20C /* FootbookTests-Info.plist */ = {isa = PBXFileReference; lastKnownFileType = text.plist.xml; path = "FootbookTests-Info.plist"; sourceTree = "<group>"; };
		374DE1F6199BE59C002BA20C /* en */ = {isa = PBXFileReference; lastKnownFileType = text.plist.strings; name = en; path = en.lproj/InfoPlist.strings; sourceTree = "<group>"; };
		374DE1F8199BE59C002BA20C /* FootbookTests.m */ = {isa = PBXFileReference; lastKnownFileType = sourcecode.c.objc; path = FootbookTests.m; sourceTree = "<group>"; };
/* End PBXFileReference section */

/* Begin PBXFrameworksBuildPhase section */
		374DE1BE199BE59C002BA20C /* Frameworks */ = {
			isa = PBXFrameworksBuildPhase;
			buildActionMask = 2147483647;
			files = (
				374DE1C7199BE59C002BA20C /* CoreGraphics.framework in Frameworks */,
				374DE1CB199BE59C002BA20C /* CoreData.framework in Frameworks */,
				374DE1C9199BE59C002BA20C /* UIKit.framework in Frameworks */,
				374DE1C5199BE59C002BA20C /* Foundation.framework in Frameworks */,
			);
			runOnlyForDeploymentPostprocessing = 0;
		};
		374DE1E7199BE59C002BA20C /* Frameworks */ = {
			isa = PBXFrameworksBuildPhase;
			buildActionMask = 2147483647;
			files = (
				374DE1EC199BE59C002BA20C /* XCTest.framework in Frameworks */,
				374DE1EF199BE59C002BA20C /* CoreData.framework in Frameworks */,
				374DE1EE199BE59C002BA20C /* UIKit.framework in Frameworks */,
				374DE1ED199BE59C002BA20C /* Foundation.framework in Frameworks */,
			);
			runOnlyForDeploymentPostprocessing = 0;
		};
/* End PBXFrameworksBuildPhase section */

/* Begin PBXGroup section */
		374DE1B8199BE59C002BA20C = {
			isa = PBXGroup;
			children = (
				374DE1CC199BE59C002BA20C /* Footbook */,
				374DE1F2199BE59C002BA20C /* FootbookTests */,
				374DE1C3199BE59C002BA20C /* Frameworks */,
				374DE1C2199BE59C002BA20C /* Products */,
			);
			sourceTree = "<group>";
		};
		374DE1C2199BE59C002BA20C /* Products */ = {
			isa = PBXGroup;
			children = (
				374DE1C1199BE59C002BA20C /* Footbook.app */,
				374DE1EA199BE59C002BA20C /* FootbookTests.xctest */,
			);
			name = Products;
			sourceTree = "<group>";
		};
		374DE1C3199BE59C002BA20C /* Frameworks */ = {
			isa = PBXGroup;
			children = (
				374DE1C4199BE59C002BA20C /* Foundation.framework */,
				374DE1C6199BE59C002BA20C /* CoreGraphics.framework */,
				374DE1C8199BE59C002BA20C /* UIKit.framework */,
				374DE1CA199BE59C002BA20C /* CoreData.framework */,
				374DE1EB199BE59C002BA20C /* XCTest.framework */,
			);
			name = Frameworks;
			sourceTree = "<group>";
		};
		374DE1CC199BE59C002BA20C /* Footbook */ = {
			isa = PBXGroup;
			children = (
				374DE1D8199BE59C002BA20C /* Main.storyboard */,
				374DE1DE199BE59C002BA20C /* FavoritesViewController.h */,
				374DE1DF199BE59C002BA20C /* FavoritesViewController.m */,
				374DE1E1199BE59C002BA20C /* AddNewFavoriteViewController.h */,
				374DE1E2199BE59C002BA20C /* AddNewFavoriteViewController.m */,
				374DE1E4199BE59C002BA20C /* Images.xcassets */,
				373D6F31199C48910063E418 /* Footbook.xcdatamodeld */,
				373D6F37199C5C150063E418 /* Feet.h */,
				373D6F38199C5C150063E418 /* Feet.m */,
				374DE1CD199BE59C002BA20C /* Supporting Files */,
			);
			path = Footbook;
			sourceTree = "<group>";
		};
		374DE1CD199BE59C002BA20C /* Supporting Files */ = {
			isa = PBXGroup;
			children = (
				374DE1D5199BE59C002BA20C /* AppDelegate.h */,
				374DE1D6199BE59C002BA20C /* AppDelegate.m */,
				374DE1CE199BE59C002BA20C /* Footbook-Info.plist */,
				374DE1CF199BE59C002BA20C /* InfoPlist.strings */,
				374DE1D2199BE59C002BA20C /* main.m */,
				374DE1D4199BE59C002BA20C /* Footbook-Prefix.pch */,
			);
			name = "Supporting Files";
			sourceTree = "<group>";
		};
		374DE1F2199BE59C002BA20C /* FootbookTests */ = {
			isa = PBXGroup;
			children = (
				374DE1F8199BE59C002BA20C /* FootbookTests.m */,
				374DE1F3199BE59C002BA20C /* Supporting Files */,
			);
			path = FootbookTests;
			sourceTree = "<group>";
		};
		374DE1F3199BE59C002BA20C /* Supporting Files */ = {
			isa = PBXGroup;
			children = (
				374DE1F4199BE59C002BA20C /* FootbookTests-Info.plist */,
				374DE1F5199BE59C002BA20C /* InfoPlist.strings */,
			);
			name = "Supporting Files";
			sourceTree = "<group>";
		};
/* End PBXGroup section */

/* Begin PBXNativeTarget section */
		374DE1C0199BE59C002BA20C /* Footbook */ = {
			isa = PBXNativeTarget;
			buildConfigurationList = 374DE1FC199BE59C002BA20C /* Build configuration list for PBXNativeTarget "Footbook" */;
			buildPhases = (
				374DE1BD199BE59C002BA20C /* Sources */,
				374DE1BE199BE59C002BA20C /* Frameworks */,
				374DE1BF199BE59C002BA20C /* Resources */,
			);
			buildRules = (
			);
			dependencies = (
			);
			name = Footbook;
			productName = Footbook;
			productReference = 374DE1C1199BE59C002BA20C /* Footbook.app */;
			productType = "com.apple.product-type.application";
		};
		374DE1E9199BE59C002BA20C /* FootbookTests */ = {
			isa = PBXNativeTarget;
			buildConfigurationList = 374DE1FF199BE59C002BA20C /* Build configuration list for PBXNativeTarget "FootbookTests" */;
			buildPhases = (
				374DE1E6199BE59C002BA20C /* Sources */,
				374DE1E7199BE59C002BA20C /* Frameworks */,
				374DE1E8199BE59C002BA20C /* Resources */,
			);
			buildRules = (
			);
			dependencies = (
				374DE1F1199BE59C002BA20C /* PBXTargetDependency */,
			);
			name = FootbookTests;
			productName = FootbookTests;
			productReference = 374DE1EA199BE59C002BA20C /* FootbookTests.xctest */;
			productType = "com.apple.product-type.bundle.unit-test";
		};
/* End PBXNativeTarget section */

/* Begin PBXProject section */
		374DE1B9199BE59C002BA20C /* Project object */ = {
			isa = PBXProject;
			attributes = {
				LastUpgradeCheck = 0510;
				ORGANIZATIONNAME = "Nicolas Semenas";
				TargetAttributes = {
					374DE1E9199BE59C002BA20C = {
						TestTargetID = 374DE1C0199BE59C002BA20C;
					};
				};
			};
			buildConfigurationList = 374DE1BC199BE59C002BA20C /* Build configuration list for PBXProject "Footbook" */;
			compatibilityVersion = "Xcode 3.2";
			developmentRegion = English;
			hasScannedForEncodings = 0;
			knownRegions = (
				en,
				Base,
			);
			mainGroup = 374DE1B8199BE59C002BA20C;
			productRefGroup = 374DE1C2199BE59C002BA20C /* Products */;
			projectDirPath = "";
			projectRoot = "";
			targets = (
				374DE1C0199BE59C002BA20C /* Footbook */,
				374DE1E9199BE59C002BA20C /* FootbookTests */,
			);
		};
/* End PBXProject section */

/* Begin PBXResourcesBuildPhase section */
		374DE1BF199BE59C002BA20C /* Resources */ = {
			isa = PBXResourcesBuildPhase;
			buildActionMask = 2147483647;
			files = (
				374DE1E5199BE59C002BA20C /* Images.xcassets in Resources */,
				374DE1D1199BE59C002BA20C /* InfoPlist.strings in Resources */,
				374DE1DA199BE59C002BA20C /* Main.storyboard in Resources */,
			);
			runOnlyForDeploymentPostprocessing = 0;
		};
		374DE1E8199BE59C002BA20C /* Resources */ = {
			isa = PBXResourcesBuildPhase;
			buildActionMask = 2147483647;
			files = (
				374DE1F7199BE59C002BA20C /* InfoPlist.strings in Resources */,
			);
			runOnlyForDeploymentPostprocessing = 0;
		};
/* End PBXResourcesBuildPhase section */

/* Begin PBXSourcesBuildPhase section */
		374DE1BD199BE59C002BA20C /* Sources */ = {
			isa = PBXSourcesBuildPhase;
			buildActionMask = 2147483647;
			files = (
				374DE1E3199BE59C002BA20C /* AddNewFavoriteViewController.m in Sources */,
				374DE1E0199BE59C002BA20C /* FavoritesViewController.m in Sources */,
				374DE1D7199BE59C002BA20C /* AppDelegate.m in Sources */,
				374DE1D3199BE59C002BA20C /* main.m in Sources */,
				373D6F33199C48910063E418 /* Footbook.xcdatamodeld in Sources */,
				373D6F39199C5C150063E418 /* Feet.m in Sources */,
			);
			runOnlyForDeploymentPostprocessing = 0;
		};
		374DE1E6199BE59C002BA20C /* Sources */ = {
			isa = PBXSourcesBuildPhase;
			buildActionMask = 2147483647;
			files = (
				374DE1F9199BE59C002BA20C /* FootbookTests.m in Sources */,
			);
			runOnlyForDeploymentPostprocessing = 0;
		};
/* End PBXSourcesBuildPhase section */

/* Begin PBXTargetDependency section */
		374DE1F1199BE59C002BA20C /* PBXTargetDependency */ = {
			isa = PBXTargetDependency;
			target = 374DE1C0199BE59C002BA20C /* Footbook */;
			targetProxy = 374DE1F0199BE59C002BA20C /* PBXContainerItemProxy */;
		};
/* End PBXTargetDependency section */

/* Begin PBXVariantGroup section */
		374DE1CF199BE59C002BA20C /* InfoPlist.strings */ = {
			isa = PBXVariantGroup;
			children = (
				374DE1D0199BE59C002BA20C /* en */,
			);
			name = InfoPlist.strings;
			sourceTree = "<group>";
		};
		374DE1D8199BE59C002BA20C /* Main.storyboard */ = {
			isa = PBXVariantGroup;
			children = (
				374DE1D9199BE59C002BA20C /* Base */,
			);
			name = Main.storyboard;
			sourceTree = "<group>";
		};
		374DE1F5199BE59C002BA20C /* InfoPlist.strings */ = {
			isa = PBXVariantGroup;
			children = (
				374DE1F6199BE59C002BA20C /* en */,
			);
			name = InfoPlist.strings;
			sourceTree = "<group>";
		};
/* End PBXVariantGroup section */

/* Begin XCBuildConfiguration section */
		374DE1FA199BE59C002BA20C /* Debug */ = {
			isa = XCBuildConfiguration;
			buildSettings = {
				ALWAYS_SEARCH_USER_PATHS = NO;
				CLANG_CXX_LANGUAGE_STANDARD = "gnu++0x";
				CLANG_CXX_LIBRARY = "libc++";
				CLANG_ENABLE_MODULES = YES;
				CLANG_ENABLE_OBJC_ARC = YES;
				CLANG_WARN_BOOL_CONVERSION = YES;
				CLANG_WARN_CONSTANT_CONVERSION = YES;
				CLANG_WARN_DIRECT_OBJC_ISA_USAGE = YES_ERROR;
				CLANG_WARN_EMPTY_BODY = YES;
				CLANG_WARN_ENUM_CONVERSION = YES;
				CLANG_WARN_INT_CONVERSION = YES;
				CLANG_WARN_OBJC_ROOT_CLASS = YES_ERROR;
				CLANG_WARN__DUPLICATE_METHOD_MATCH = YES;
				"CODE_SIGN_IDENTITY[sdk=iphoneos*]" = "iPhone Developer";
				COPY_PHASE_STRIP = NO;
				GCC_C_LANGUAGE_STANDARD = gnu99;
				GCC_DYNAMIC_NO_PIC = NO;
				GCC_OPTIMIZATION_LEVEL = 0;
				GCC_PREPROCESSOR_DEFINITIONS = (
					"DEBUG=1",
					"$(inherited)",
				);
				GCC_SYMBOLS_PRIVATE_EXTERN = NO;
				GCC_WARN_64_TO_32_BIT_CONVERSION = YES;
				GCC_WARN_ABOUT_RETURN_TYPE = YES_ERROR;
				GCC_WARN_UNDECLARED_SELECTOR = YES;
				GCC_WARN_UNINITIALIZED_AUTOS = YES_AGGRESSIVE;
				GCC_WARN_UNUSED_FUNCTION = YES;
				GCC_WARN_UNUSED_VARIABLE = YES;
				IPHONEOS_DEPLOYMENT_TARGET = 7.1;
				ONLY_ACTIVE_ARCH = YES;
				SDKROOT = iphoneos;
			};
			name = Debug;
		};
		374DE1FB199BE59C002BA20C /* Release */ = {
			isa = XCBuildConfiguration;
			buildSettings = {
				ALWAYS_SEARCH_USER_PATHS = NO;
				CLANG_CXX_LANGUAGE_STANDARD = "gnu++0x";
				CLANG_CXX_LIBRARY = "libc++";
				CLANG_ENABLE_MODULES = YES;
				CLANG_ENABLE_OBJC_ARC = YES;
				CLANG_WARN_BOOL_CONVERSION = YES;
				CLANG_WARN_CONSTANT_CONVERSION = YES;
				CLANG_WARN_DIRECT_OBJC_ISA_USAGE = YES_ERROR;
				CLANG_WARN_EMPTY_BODY = YES;
				CLANG_WARN_ENUM_CONVERSION = YES;
				CLANG_WARN_INT_CONVERSION = YES;
				CLANG_WARN_OBJC_ROOT_CLASS = YES_ERROR;
				CLANG_WARN__DUPLICATE_METHOD_MATCH = YES;
				"CODE_SIGN_IDENTITY[sdk=iphoneos*]" = "iPhone Developer";
				COPY_PHASE_STRIP = YES;
				ENABLE_NS_ASSERTIONS = NO;
				GCC_C_LANGUAGE_STANDARD = gnu99;
				GCC_WARN_64_TO_32_BIT_CONVERSION = YES;
				GCC_WARN_ABOUT_RETURN_TYPE = YES_ERROR;
				GCC_WARN_UNDECLARED_SELECTOR = YES;
				GCC_WARN_UNINITIALIZED_AUTOS = YES_AGGRESSIVE;
				GCC_WARN_UNUSED_FUNCTION = YES;
				GCC_WARN_UNUSED_VARIABLE = YES;
				IPHONEOS_DEPLOYMENT_TARGET = 7.1;
				SDKROOT = iphoneos;
				VALIDATE_PRODUCT = YES;
			};
			name = Release;
		};
		374DE1FD199BE59C002BA20C /* Debug */ = {
			isa = XCBuildConfiguration;
			buildSettings = {
				ASSETCATALOG_COMPILER_APPICON_NAME = AppIcon;
				ASSETCATALOG_COMPILER_LAUNCHIMAGE_NAME = LaunchImage;
				GCC_PRECOMPILE_PREFIX_HEADER = YES;
				GCC_PREFIX_HEADER = "Footbook/Footbook-Prefix.pch";
				INFOPLIST_FILE = "Footbook/Footbook-Info.plist";
				PRODUCT_NAME = "$(TARGET_NAME)";
				WRAPPER_EXTENSION = app;
			};
			name = Debug;
		};
		374DE1FE199BE59C002BA20C /* Release */ = {
			isa = XCBuildConfiguration;
			buildSettings = {
				ASSETCATALOG_COMPILER_APPICON_NAME = AppIcon;
				ASSETCATALOG_COMPILER_LAUNCHIMAGE_NAME = LaunchImage;
				GCC_PRECOMPILE_PREFIX_HEADER = YES;
				GCC_PREFIX_HEADER = "Footbook/Footbook-Prefix.pch";
				INFOPLIST_FILE = "Footbook/Footbook-Info.plist";
				PRODUCT_NAME = "$(TARGET_NAME)";
				WRAPPER_EXTENSION = app;
			};
			name = Release;
		};
		374DE200199BE59C002BA20C /* Debug */ = {
			isa = XCBuildConfiguration;
			buildSettings = {
				BUNDLE_LOADER = "$(BUILT_PRODUCTS_DIR)/Footbook.app/Footbook";
				FRAMEWORK_SEARCH_PATHS = (
					"$(SDKROOT)/Developer/Library/Frameworks",
					"$(inherited)",
					"$(DEVELOPER_FRAMEWORKS_DIR)",
				);
				GCC_PRECOMPILE_PREFIX_HEADER = YES;
				GCC_PREFIX_HEADER = "Footbook/Footbook-Prefix.pch";
				GCC_PREPROCESSOR_DEFINITIONS = (
					"DEBUG=1",
					"$(inherited)",
				);
				INFOPLIST_FILE = "FootbookTests/FootbookTests-Info.plist";
				PRODUCT_NAME = "$(TARGET_NAME)";
				TEST_HOST = "$(BUNDLE_LOADER)";
				WRAPPER_EXTENSION = xctest;
			};
			name = Debug;
		};
		374DE201199BE59C002BA20C /* Release */ = {
			isa = XCBuildConfiguration;
			buildSettings = {
				BUNDLE_LOADER = "$(BUILT_PRODUCTS_DIR)/Footbook.app/Footbook";
				FRAMEWORK_SEARCH_PATHS = (
					"$(SDKROOT)/Developer/Library/Frameworks",
					"$(inherited)",
					"$(DEVELOPER_FRAMEWORKS_DIR)",
				);
				GCC_PRECOMPILE_PREFIX_HEADER = YES;
				GCC_PREFIX_HEADER = "Footbook/Footbook-Prefix.pch";
				INFOPLIST_FILE = "FootbookTests/FootbookTests-Info.plist";
				PRODUCT_NAME = "$(TARGET_NAME)";
				TEST_HOST = "$(BUNDLE_LOADER)";
				WRAPPER_EXTENSION = xctest;
			};
			name = Release;
		};
/* End XCBuildConfiguration section */

/* Begin XCConfigurationList section */
		374DE1BC199BE59C002BA20C /* Build configuration list for PBXProject "Footbook" */ = {
			isa = XCConfigurationList;
			buildConfigurations = (
				374DE1FA199BE59C002BA20C /* Debug */,
				374DE1FB199BE59C002BA20C /* Release */,
			);
			defaultConfigurationIsVisible = 0;
			defaultConfigurationName = Release;
		};
		374DE1FC199BE59C002BA20C /* Build configuration list for PBXNativeTarget "Footbook" */ = {
			isa = XCConfigurationList;
			buildConfigurations = (
				374DE1FD199BE59C002BA20C /* Debug */,
				374DE1FE199BE59C002BA20C /* Release */,
			);
			defaultConfigurationIsVisible = 0;
			defaultConfigurationName = Release;
		};
		374DE1FF199BE59C002BA20C /* Build configuration list for PBXNativeTarget "FootbookTests" */ = {
			isa = XCConfigurationList;
			buildConfigurations = (
				374DE200199BE59C002BA20C /* Debug */,
				374DE201199BE59C002BA20C /* Release */,
			);
			defaultConfigurationIsVisible = 0;
			defaultConfigurationName = Release;
		};
/* End XCConfigurationList section */

/* Begin XCVersionGroup section */
		373D6F31199C48910063E418 /* Footbook.xcdatamodeld */ = {
			isa = XCVersionGroup;
			children = (
				373D6F32199C48910063E418 /* Footbook.xcdatamodel */,
			);
			currentVersion = 373D6F32199C48910063E418 /* Footbook.xcdatamodel */;
			path = Footbook.xcdatamodeld;
			sourceTree = "<group>";
			versionGroupType = wrapper.xcdatamodel;
		};
/* End XCVersionGroup section */
	};
	rootObject = 374DE1B9199BE59C002BA20C /* Project object */;
}
